
Microsoft Visual Studio Solution File, Format Version 12.00
# Visual Studio 15
VisualStudioVersion = 15.0.28307.1684
MinimumVisualStudioVersion = 10.0.40219.1
Project("{FAE04EC0-301F-11D3-BF4B-00C04F79EFBC}") = "Json2CSharp", "Json2CSharp\Json2CSharp.csproj", "{BF9A287B-2902-4112-89FD-E5D37F4CB566}"
EndProject
Global
	GlobalSection(SolutionConfigurationPlatforms) = preSolution
		Debug|Any CPU = Debug|Any CPU
		Release|Any CPU = Release|Any CPU
	EndGlobalSection
	GlobalSection(ProjectConfigurationPlatforms) = postSolution
		{BF9A287B-2902-4112-89FD-E5D37F4CB566}.Debug|Any CPU.ActiveCfg = Debug|Any CPU
		{BF9A287B-2902-4112-89FD-E5D37F4CB566}.Debug|Any CPU.Build.0 = Debug|Any CPU
		{BF9A287B-2902-4112-89FD-E5D37F4CB566}.Release|Any CPU.ActiveCfg = Release|Any CPU
		{BF9A287B-2902-4112-89FD-E5D37F4CB566}.Release|Any CPU.Build.0 = Release|Any CPU
	EndGlobalSection
	GlobalSection(SolutionProperties) = preSolution
		HideSolutionNode = FALSE
	EndGlobalSection
	GlobalSection(ExtensibilityGlobals) = postSolution
		SolutionGuid = {E519FBF8-EF73-4805-A489-D9D923FCB6A2}
	EndGlobalSection
EndGlobal
